
Microsoft Visual Studio Solution File, Format Version 12.00
# Visual Studio Version 17
VisualStudioVersion = 17.12.35707.178
MinimumVisualStudioVersion = 10.0.40219.1
Project("{FAE04EC0-301F-11D3-BF4B-00C04F79EFBC}") = "SubmitTempUniqueStringApp", "SubmitTempUniqueStringApp\SubmitTempUniqueStringApp.csproj", "{513345B4-58B1-4BD1-A26A-6774FB482CC2}"
EndProject
Project("{FAE04EC0-301F-11D3-BF4B-00C04F79EFBC}") = "STUSA.Data", "STUSA.Data\STUSA.Data.csproj", "{8077A99B-1B12-44AC-A2D7-641EC9C6B35A}"
EndProject
Project("{FAE04EC0-301F-11D3-BF4B-00C04F79EFBC}") = "STUSA.Test", "STUSA.Test\STUSA.Test.csproj", "{E35524F7-EA1E-47FD-94EB-F5F5266FDFD5}"
EndProject
Global
	GlobalSection(SolutionConfigurationPlatforms) = preSolution
		Debug|Any CPU = Debug|Any CPU
		Release|Any CPU = Release|Any CPU
	EndGlobalSection
	GlobalSection(ProjectConfigurationPlatforms) = postSolution
		{513345B4-58B1-4BD1-A26A-6774FB482CC2}.Debug|Any CPU.ActiveCfg = Debug|Any CPU
		{513345B4-58B1-4BD1-A26A-6774FB482CC2}.Debug|Any CPU.Build.0 = Debug|Any CPU
		{513345B4-58B1-4BD1-A26A-6774FB482CC2}.Release|Any CPU.ActiveCfg = Release|Any CPU
		{513345B4-58B1-4BD1-A26A-6774FB482CC2}.Release|Any CPU.Build.0 = Release|Any CPU
		{8077A99B-1B12-44AC-A2D7-641EC9C6B35A}.Debug|Any CPU.ActiveCfg = Debug|Any CPU
		{8077A99B-1B12-44AC-A2D7-641EC9C6B35A}.Debug|Any CPU.Build.0 = Debug|Any CPU
		{8077A99B-1B12-44AC-A2D7-641EC9C6B35A}.Release|Any CPU.ActiveCfg = Release|Any CPU
		{8077A99B-1B12-44AC-A2D7-641EC9C6B35A}.Release|Any CPU.Build.0 = Release|Any CPU
		{E35524F7-EA1E-47FD-94EB-F5F5266FDFD5}.Debug|Any CPU.ActiveCfg = Debug|Any CPU
		{E35524F7-EA1E-47FD-94EB-F5F5266FDFD5}.Debug|Any CPU.Build.0 = Debug|Any CPU
		{E35524F7-EA1E-47FD-94EB-F5F5266FDFD5}.Release|Any CPU.ActiveCfg = Release|Any CPU
		{E35524F7-EA1E-47FD-94EB-F5F5266FDFD5}.Release|Any CPU.Build.0 = Release|Any CPU
	EndGlobalSection
	GlobalSection(SolutionProperties) = preSolution
		HideSolutionNode = FALSE
	EndGlobalSection
	GlobalSection(ExtensibilityGlobals) = postSolution
		SolutionGuid = {25537E86-F007-485B-B208-D6B1F4C30800}
	EndGlobalSection
EndGlobal
